
Microsoft Visual Studio Solution File, Format Version 12.00
# Visual Studio Version 17
VisualStudioVersion = 17.14.36930.0 d17.14
MinimumVisualStudioVersion = 10.0.40219.1
Project("{FAE04EC0-301F-11D3-BF4B-00C04F79EFBC}") = "WiiConverterDesktop", "WiiConverterDesktop.csproj", "{8CC246EC-9248-D170-6962-97F2F7633586}"
EndProject
Global
	GlobalSection(SolutionConfigurationPlatforms) = preSolution
		Debug|Any CPU = Debug|Any CPU
		Release|Any CPU = Release|Any CPU
	EndGlobalSection
	GlobalSection(ProjectConfigurationPlatforms) = postSolution
		{8CC246EC-9248-D170-6962-97F2F7633586}.Debug|Any CPU.ActiveCfg = Debug|Any CPU
		{8CC246EC-9248-D170-6962-97F2F7633586}.Debug|Any CPU.Build.0 = Debug|Any CPU
		{8CC246EC-9248-D170-6962-97F2F7633586}.Release|Any CPU.ActiveCfg = Release|Any CPU
		{8CC246EC-9248-D170-6962-97F2F7633586}.Release|Any CPU.Build.0 = Release|Any CPU
	EndGlobalSection
	GlobalSection(SolutionProperties) = preSolution
		HideSolutionNode = FALSE
	EndGlobalSection
	GlobalSection(ExtensibilityGlobals) = postSolution
		SolutionGuid = {44122FB0-4B9B-467E-BE84-08CC54950791}
	EndGlobalSection
EndGlobal
